
Microsoft Visual Studio Solution File, Format Version 12.00
# Visual Studio Version 17
VisualStudioVersion = 17.0.31903.59
MinimumVisualStudioVersion = 10.0.40219.1
Project("{2150E333-8FDC-42A3-9474-1A3956D46DE8}") = "src", "src", "{827E0CD3-B72D-47B6-A68D-7590B98EB39B}"
EndProject
Project("{FAE04EC0-301F-11D3-BF4B-00C04F79EFBC}") = "Ares.Workbench.Domain", "src\Ares.Workbench.Domain\Ares.Workbench.Domain.csproj", "{501DA42C-DFF5-4049-AB6C-FD86C0627A2B}"
EndProject
Project("{FAE04EC0-301F-11D3-BF4B-00C04F79EFBC}") = "Ares.Workbench.Domain.Tests", "tests\Ares.Workbench.Domain.Tests\Ares.Workbench.Domain.Tests.csproj", "{84A7E179-55A2-4A7D-8DAE-16F1E311CBAA}"
EndProject
Project("{FAE04EC0-301F-11D3-BF4B-00C04F79EFBC}") = "Ares.Workbench.Adapters.AgentFramework", "src\Ares.Workbench.Adapters.AgentFramework\Ares.Workbench.Adapters.AgentFramework.csproj", "{A9FAFBAC-DFE2-4F43-A9BC-0282DABE7F5B}"
EndProject
Project("{FAE04EC0-301F-11D3-BF4B-00C04F79EFBC}") = "Ares.Workbench.Application", "src\Ares.Workbench.Application\Ares.Workbench.Application.csproj", "{6CE8E1F3-C382-4465-953F-267913CCA6B7}"
EndProject
Project("{FAE04EC0-301F-11D3-BF4B-00C04F79EFBC}") = "Ares.Workbench.Adapters.Codex", "src\Ares.Workbench.Adapters.Codex\Ares.Workbench.Adapters.Codex.csproj", "{DA3793B9-34E3-4CC0-ACF8-4ABFAB966624}"
EndProject
Project("{FAE04EC0-301F-11D3-BF4B-00C04F79EFBC}") = "Ares.Workbench.Infrastructure", "src\Ares.Workbench.Infrastructure\Ares.Workbench.Infrastructure.csproj", "{999BA7BD-AB52-4C73-AE0D-1A9F5147351E}"
EndProject
Project("{FAE04EC0-301F-11D3-BF4B-00C04F79EFBC}") = "Ares.Workbench.Cli", "src\Ares.Workbench.Cli\Ares.Workbench.Cli.csproj", "{4A6B5A16-D009-4D84-8C69-AB05834616DA}"
EndProject
Project("{2150E333-8FDC-42A3-9474-1A3956D46DE8}") = "tests", "tests", "{0AB3BF05-4346-4AA6-1389-037BE0695223}"
EndProject
Project("{FAE04EC0-301F-11D3-BF4B-00C04F79EFBC}") = "Ares.Workbench.Adapter.Tests", "tests\Ares.Workbench.Adapter.Tests\Ares.Workbench.Adapter.Tests.csproj", "{35F79679-7525-4BCC-9928-18014CA46DC9}"
EndProject
Project("{FAE04EC0-301F-11D3-BF4B-00C04F79EFBC}") = "Ares.Workbench.FakeProcess", "tests\Ares.Workbench.FakeProcess\Ares.Workbench.FakeProcess.csproj", "{D834B05A-65C4-4A1E-9715-4BA58C1AE562}"
EndProject
Project("{FAE04EC0-301F-11D3-BF4B-00C04F79EFBC}") = "Ares.Workbench.Application.Tests", "tests\Ares.Workbench.Application.Tests\Ares.Workbench.Application.Tests.csproj", "{68617244-83AA-4DC5-8C15-15FFEAE4C4C3}"
EndProject
Project("{FAE04EC0-301F-11D3-BF4B-00C04F79EFBC}") = "Ares.Workbench.IntegrationTests", "tests\Ares.Workbench.IntegrationTests\Ares.Workbench.IntegrationTests.csproj", "{54C44F45-DEB8-443F-8E1F-41380D6C8E37}"
EndProject
Project("{FAE04EC0-301F-11D3-BF4B-00C04F79EFBC}") = "Ares.Workbench.Web", "src\Ares.Workbench.Web\Ares.Workbench.Web.csproj", "{00D9ABAD-154C-4B5B-85D2-EA12BF628E14}"
EndProject
Project("{FAE04EC0-301F-11D3-BF4B-00C04F79EFBC}") = "Ares.Workbench.Mvp.Tests", "tests\Ares.Workbench.Mvp.Tests\Ares.Workbench.Mvp.Tests.csproj", "{2182A377-1BC5-4069-8931-EE7A4D1674DD}"
EndProject
Global
	GlobalSection(SolutionConfigurationPlatforms) = preSolution
		Debug|Any CPU = Debug|Any CPU
		Debug|x64 = Debug|x64
		Debug|x86 = Debug|x86
		Release|Any CPU = Release|Any CPU
		Release|x64 = Release|x64
		Release|x86 = Release|x86
	EndGlobalSection
	GlobalSection(ProjectConfigurationPlatforms) = postSolution
		{501DA42C-DFF5-4049-AB6C-FD86C0627A2B}.Debug|Any CPU.ActiveCfg = Debug|Any CPU
		{501DA42C-DFF5-4049-AB6C-FD86C0627A2B}.Debug|Any CPU.Build.0 = Debug|Any CPU
		{501DA42C-DFF5-4049-AB6C-FD86C0627A2B}.Debug|x64.ActiveCfg = Debug|Any CPU
		{501DA42C-DFF5-4049-AB6C-FD86C0627A2B}.Debug|x64.Build.0 = Debug|Any CPU
		{501DA42C-DFF5-4049-AB6C-FD86C0627A2B}.Debug|x86.ActiveCfg = Debug|Any CPU
		{501DA42C-DFF5-4049-AB6C-FD86C0627A2B}.Debug|x86.Build.0 = Debug|Any CPU
		{501DA42C-DFF5-4049-AB6C-FD86C0627A2B}.Release|Any CPU.ActiveCfg = Release|Any CPU
		{501DA42C-DFF5-4049-AB6C-FD86C0627A2B}.Release|Any CPU.Build.0 = Release|Any CPU
		{501DA42C-DFF5-4049-AB6C-FD86C0627A2B}.Release|x64.ActiveCfg = Release|Any CPU
		{501DA42C-DFF5-4049-AB6C-FD86C0627A2B}.Release|x64.Build.0 = Release|Any CPU
		{501DA42C-DFF5-4049-AB6C-FD86C0627A2B}.Release|x86.ActiveCfg = Release|Any CPU
		{501DA42C-DFF5-4049-AB6C-FD86C0627A2B}.Release|x86.Build.0 = Release|Any CPU
		{84A7E179-55A2-4A7D-8DAE-16F1E311CBAA}.Debug|Any CPU.ActiveCfg = Debug|Any CPU
		{84A7E179-55A2-4A7D-8DAE-16F1E311CBAA}.Debug|Any CPU.Build.0 = Debug|Any CPU
		{84A7E179-55A2-4A7D-8DAE-16F1E311CBAA}.Debug|x64.ActiveCfg = Debug|Any CPU
		{84A7E179-55A2-4A7D-8DAE-16F1E311CBAA}.Debug|x64.Build.0 = Debug|Any CPU
		{84A7E179-55A2-4A7D-8DAE-16F1E311CBAA}.Debug|x86.ActiveCfg = Debug|Any CPU
		{84A7E179-55A2-4A7D-8DAE-16F1E311CBAA}.Debug|x86.Build.0 = Debug|Any CPU
		{84A7E179-55A2-4A7D-8DAE-16F1E311CBAA}.Release|Any CPU.ActiveCfg = Release|Any CPU
		{84A7E179-55A2-4A7D-8DAE-16F1E311CBAA}.Release|Any CPU.Build.0 = Release|Any CPU
		{84A7E179-55A2-4A7D-8DAE-16F1E311CBAA}.Release|x64.ActiveCfg = Release|Any CPU
		{84A7E179-55A2-4A7D-8DAE-16F1E311CBAA}.Release|x64.Build.0 = Release|Any CPU
		{84A7E179-55A2-4A7D-8DAE-16F1E311CBAA}.Release|x86.ActiveCfg = Release|Any CPU
		{84A7E179-55A2-4A7D-8DAE-16F1E311CBAA}.Release|x86.Build.0 = Release|Any CPU
		{A9FAFBAC-DFE2-4F43-A9BC-0282DABE7F5B}.Debug|Any CPU.ActiveCfg = Debug|Any CPU
		{A9FAFBAC-DFE2-4F43-A9BC-0282DABE7F5B}.Debug|Any CPU.Build.0 = Debug|Any CPU
		{A9FAFBAC-DFE2-4F43-A9BC-0282DABE7F5B}.Debug|x64.ActiveCfg = Debug|Any CPU
		{A9FAFBAC-DFE2-4F43-A9BC-0282DABE7F5B}.Debug|x64.Build.0 = Debug|Any CPU
		{A9FAFBAC-DFE2-4F43-A9BC-0282DABE7F5B}.Debug|x86.ActiveCfg = Debug|Any CPU
		{A9FAFBAC-DFE2-4F43-A9BC-0282DABE7F5B}.Debug|x86.Build.0 = Debug|Any CPU
		{A9FAFBAC-DFE2-4F43-A9BC-0282DABE7F5B}.Release|Any CPU.ActiveCfg = Release|Any CPU
		{A9FAFBAC-DFE2-4F43-A9BC-0282DABE7F5B}.Release|Any CPU.Build.0 = Release|Any CPU
		{A9FAFBAC-DFE2-4F43-A9BC-0282DABE7F5B}.Release|x64.ActiveCfg = Release|Any CPU
		{A9FAFBAC-DFE2-4F43-A9BC-0282DABE7F5B}.Release|x64.Build.0 = Release|Any CPU
		{A9FAFBAC-DFE2-4F43-A9BC-0282DABE7F5B}.Release|x86.ActiveCfg = Release|Any CPU
		{A9FAFBAC-DFE2-4F43-A9BC-0282DABE7F5B}.Release|x86.Build.0 = Release|Any CPU
		{6CE8E1F3-C382-4465-953F-267913CCA6B7}.Debug|Any CPU.ActiveCfg = Debug|Any CPU
		{6CE8E1F3-C382-4465-953F-267913CCA6B7}.Debug|Any CPU.Build.0 = Debug|Any CPU
		{6CE8E1F3-C382-4465-953F-267913CCA6B7}.Debug|x64.ActiveCfg = Debug|Any CPU
		{6CE8E1F3-C382-4465-953F-267913CCA6B7}.Debug|x64.Build.0 = Debug|Any CPU
		{6CE8E1F3-C382-4465-953F-267913CCA6B7}.Debug|x86.ActiveCfg = Debug|Any CPU
		{6CE8E1F3-C382-4465-953F-267913CCA6B7}.Debug|x86.Build.0 = Debug|Any CPU
		{6CE8E1F3-C382-4465-953F-267913CCA6B7}.Release|Any CPU.ActiveCfg = Release|Any CPU
		{6CE8E1F3-C382-4465-953F-267913CCA6B7}.Release|Any CPU.Build.0 = Release|Any CPU
		{6CE8E1F3-C382-4465-953F-267913CCA6B7}.Release|x64.ActiveCfg = Release|Any CPU
		{6CE8E1F3-C382-4465-953F-267913CCA6B7}.Release|x64.Build.0 = Release|Any CPU
		{6CE8E1F3-C382-4465-953F-267913CCA6B7}.Release|x86.ActiveCfg = Release|Any CPU
		{6CE8E1F3-C382-4465-953F-267913CCA6B7}.Release|x86.Build.0 = Release|Any CPU
		{DA3793B9-34E3-4CC0-ACF8-4ABFAB966624}.Debug|Any CPU.ActiveCfg = Debug|Any CPU
		{DA3793B9-34E3-4CC0-ACF8-4ABFAB966624}.Debug|Any CPU.Build.0 = Debug|Any CPU
		{DA3793B9-34E3-4CC0-ACF8-4ABFAB966624}.Debug|x64.ActiveCfg = Debug|Any CPU
		{DA3793B9-34E3-4CC0-ACF8-4ABFAB966624}.Debug|x64.Build.0 = Debug|Any CPU
		{DA3793B9-34E3-4CC0-ACF8-4ABFAB966624}.Debug|x86.ActiveCfg = Debug|Any CPU
		{DA3793B9-34E3-4CC0-ACF8-4ABFAB966624}.Debug|x86.Build.0 = Debug|Any CPU
		{DA3793B9-34E3-4CC0-ACF8-4ABFAB966624}.Release|Any CPU.ActiveCfg = Release|Any CPU
		{DA3793B9-34E3-4CC0-ACF8-4ABFAB966624}.Release|Any CPU.Build.0 = Release|Any CPU
		{DA3793B9-34E3-4CC0-ACF8-4ABFAB966624}.Release|x64.ActiveCfg = Release|Any CPU
		{DA3793B9-34E3-4CC0-ACF8-4ABFAB966624}.Release|x64.Build.0 = Release|Any CPU
		{DA3793B9-34E3-4CC0-ACF8-4ABFAB966624}.Release|x86.ActiveCfg = Release|Any CPU
		{DA3793B9-34E3-4CC0-ACF8-4ABFAB966624}.Release|x86.Build.0 = Release|Any CPU
		{999BA7BD-AB52-4C73-AE0D-1A9F5147351E}.Debug|Any CPU.ActiveCfg = Debug|Any CPU
		{999BA7BD-AB52-4C73-AE0D-1A9F5147351E}.Debug|Any CPU.Build.0 = Debug|Any CPU
		{999BA7BD-AB52-4C73-AE0D-1A9F5147351E}.Debug|x64.ActiveCfg = Debug|Any CPU
		{999BA7BD-AB52-4C73-AE0D-1A9F5147351E}.Debug|x64.Build.0 = Debug|Any CPU
		{999BA7BD-AB52-4C73-AE0D-1A9F5147351E}.Debug|x86.ActiveCfg = Debug|Any CPU
		{999BA7BD-AB52-4C73-AE0D-1A9F5147351E}.Debug|x86.Build.0 = Debug|Any CPU
		{999BA7BD-AB52-4C73-AE0D-1A9F5147351E}.Release|Any CPU.ActiveCfg = Release|Any CPU
		{999BA7BD-AB52-4C73-AE0D-1A9F5147351E}.Release|Any CPU.Build.0 = Release|Any CPU
		{999BA7BD-AB52-4C73-AE0D-1A9F5147351E}.Release|x64.ActiveCfg = Release|Any CPU
		{999BA7BD-AB52-4C73-AE0D-1A9F5147351E}.Release|x64.Build.0 = Release|Any CPU
		{999BA7BD-AB52-4C73-AE0D-1A9F5147351E}.Release|x86.ActiveCfg = Release|Any CPU
		{999BA7BD-AB52-4C73-AE0D-1A9F5147351E}.Release|x86.Build.0 = Release|Any CPU
		{4A6B5A16-D009-4D84-8C69-AB05834616DA}.Debug|Any CPU.ActiveCfg = Debug|Any CPU
		{4A6B5A16-D009-4D84-8C69-AB05834616DA}.Debug|Any CPU.Build.0 = Debug|Any CPU
		{4A6B5A16-D009-4D84-8C69-AB05834616DA}.Debug|x64.ActiveCfg = Debug|Any CPU
		{4A6B5A16-D009-4D84-8C69-AB05834616DA}.Debug|x64.Build.0 = Debug|Any CPU
		{4A6B5A16-D009-4D84-8C69-AB05834616DA}.Debug|x86.ActiveCfg = Debug|Any CPU
		{4A6B5A16-D009-4D84-8C69-AB05834616DA}.Debug|x86.Build.0 = Debug|Any CPU
		{4A6B5A16-D009-4D84-8C69-AB05834616DA}.Release|Any CPU.ActiveCfg = Release|Any CPU
		{4A6B5A16-D009-4D84-8C69-AB05834616DA}.Release|Any CPU.Build.0 = Release|Any CPU
		{4A6B5A16-D009-4D84-8C69-AB05834616DA}.Release|x64.ActiveCfg = Release|Any CPU
		{4A6B5A16-D009-4D84-8C69-AB05834616DA}.Release|x64.Build.0 = Release|Any CPU
		{4A6B5A16-D009-4D84-8C69-AB05834616DA}.Release|x86.ActiveCfg = Release|Any CPU
		{4A6B5A16-D009-4D84-8C69-AB05834616DA}.Release|x86.Build.0 = Release|Any CPU
		{35F79679-7525-4BCC-9928-18014CA46DC9}.Debug|Any CPU.ActiveCfg = Debug|Any CPU
		{35F79679-7525-4BCC-9928-18014CA46DC9}.Debug|Any CPU.Build.0 = Debug|Any CPU
		{35F79679-7525-4BCC-9928-18014CA46DC9}.Debug|x64.ActiveCfg = Debug|Any CPU
		{35F79679-7525-4BCC-9928-18014CA46DC9}.Debug|x64.Build.0 = Debug|Any CPU
		{35F79679-7525-4BCC-9928-18014CA46DC9}.Debug|x86.ActiveCfg = Debug|Any CPU
		{35F79679-7525-4BCC-9928-18014CA46DC9}.Debug|x86.Build.0 = Debug|Any CPU
		{35F79679-7525-4BCC-9928-18014CA46DC9}.Release|Any CPU.ActiveCfg = Release|Any CPU
		{35F79679-7525-4BCC-9928-18014CA46DC9}.Release|Any CPU.Build.0 = Release|Any CPU
		{35F79679-7525-4BCC-9928-18014CA46DC9}.Release|x64.ActiveCfg = Release|Any CPU
		{35F79679-7525-4BCC-9928-18014CA46DC9}.Release|x64.Build.0 = Release|Any CPU
		{35F79679-7525-4BCC-9928-18014CA46DC9}.Release|x86.ActiveCfg = Release|Any CPU
		{35F79679-7525-4BCC-9928-18014CA46DC9}.Release|x86.Build.0 = Release|Any CPU
		{D834B05A-65C4-4A1E-9715-4BA58C1AE562}.Debug|Any CPU.ActiveCfg = Debug|Any CPU
		{D834B05A-65C4-4A1E-9715-4BA58C1AE562}.Debug|Any CPU.Build.0 = Debug|Any CPU
		{D834B05A-65C4-4A1E-9715-4BA58C1AE562}.Debug|x64.ActiveCfg = Debug|Any CPU
		{D834B05A-65C4-4A1E-9715-4BA58C1AE562}.Debug|x64.Build.0 = Debug|Any CPU
		{D834B05A-65C4-4A1E-9715-4BA58C1AE562}.Debug|x86.ActiveCfg = Debug|Any CPU
		{D834B05A-65C4-4A1E-9715-4BA58C1AE562}.Debug|x86.Build.0 = Debug|Any CPU
		{D834B05A-65C4-4A1E-9715-4BA58C1AE562}.Release|Any CPU.ActiveCfg = Release|Any CPU
		{D834B05A-65C4-4A1E-9715-4BA58C1AE562}.Release|Any CPU.Build.0 = Release|Any CPU
		{D834B05A-65C4-4A1E-9715-4BA58C1AE562}.Release|x64.ActiveCfg = Release|Any CPU
		{D834B05A-65C4-4A1E-9715-4BA58C1AE562}.Release|x64.Build.0 = Release|Any CPU
		{D834B05A-65C4-4A1E-9715-4BA58C1AE562}.Release|x86.ActiveCfg = Release|Any CPU
		{D834B05A-65C4-4A1E-9715-4BA58C1AE562}.Release|x86.Build.0 = Release|Any CPU
		{68617244-83AA-4DC5-8C15-15FFEAE4C4C3}.Debug|Any CPU.ActiveCfg = Debug|Any CPU
		{68617244-83AA-4DC5-8C15-15FFEAE4C4C3}.Debug|Any CPU.Build.0 = Debug|Any CPU
		{68617244-83AA-4DC5-8C15-15FFEAE4C4C3}.Debug|x64.ActiveCfg = Debug|Any CPU
		{68617244-83AA-4DC5-8C15-15FFEAE4C4C3}.Debug|x64.Build.0 = Debug|Any CPU
		{68617244-83AA-4DC5-8C15-15FFEAE4C4C3}.Debug|x86.ActiveCfg = Debug|Any CPU
		{68617244-83AA-4DC5-8C15-15FFEAE4C4C3}.Debug|x86.Build.0 = Debug|Any CPU
		{68617244-83AA-4DC5-8C15-15FFEAE4C4C3}.Release|Any CPU.ActiveCfg = Release|Any CPU
		{68617244-83AA-4DC5-8C15-15FFEAE4C4C3}.Release|Any CPU.Build.0 = Release|Any CPU
		{68617244-83AA-4DC5-8C15-15FFEAE4C4C3}.Release|x64.ActiveCfg = Release|Any CPU
		{68617244-83AA-4DC5-8C15-15FFEAE4C4C3}.Release|x64.Build.0 = Release|Any CPU
		{68617244-83AA-4DC5-8C15-15FFEAE4C4C3}.Release|x86.ActiveCfg = Release|Any CPU
		{68617244-83AA-4DC5-8C15-15FFEAE4C4C3}.Release|x86.Build.0 = Release|Any CPU
		{54C44F45-DEB8-443F-8E1F-41380D6C8E37}.Debug|Any CPU.ActiveCfg = Debug|Any CPU
		{54C44F45-DEB8-443F-8E1F-41380D6C8E37}.Debug|Any CPU.Build.0 = Debug|Any CPU
		{54C44F45-DEB8-443F-8E1F-41380D6C8E37}.Debug|x64.ActiveCfg = Debug|Any CPU
		{54C44F45-DEB8-443F-8E1F-41380D6C8E37}.Debug|x64.Build.0 = Debug|Any CPU
		{54C44F45-DEB8-443F-8E1F-41380D6C8E37}.Debug|x86.ActiveCfg = Debug|Any CPU
		{54C44F45-DEB8-443F-8E1F-41380D6C8E37}.Debug|x86.Build.0 = Debug|Any CPU
		{54C44F45-DEB8-443F-8E1F-41380D6C8E37}.Release|Any CPU.ActiveCfg = Release|Any CPU
		{54C44F45-DEB8-443F-8E1F-41380D6C8E37}.Release|Any CPU.Build.0 = Release|Any CPU
		{54C44F45-DEB8-443F-8E1F-41380D6C8E37}.Release|x64.ActiveCfg = Release|Any CPU
		{54C44F45-DEB8-443F-8E1F-41380D6C8E37}.Release|x64.Build.0 = Release|Any CPU
		{54C44F45-DEB8-443F-8E1F-41380D6C8E37}.Release|x86.ActiveCfg = Release|Any CPU
		{54C44F45-DEB8-443F-8E1F-41380D6C8E37}.Release|x86.Build.0 = Release|Any CPU
		{00D9ABAD-154C-4B5B-85D2-EA12BF628E14}.Debug|Any CPU.ActiveCfg = Debug|Any CPU
		{00D9ABAD-154C-4B5B-85D2-EA12BF628E14}.Debug|Any CPU.Build.0 = Debug|Any CPU
		{00D9ABAD-154C-4B5B-85D2-EA12BF628E14}.Debug|x64.ActiveCfg = Debug|Any CPU
		{00D9ABAD-154C-4B5B-85D2-EA12BF628E14}.Debug|x64.Build.0 = Debug|Any CPU
		{00D9ABAD-154C-4B5B-85D2-EA12BF628E14}.Debug|x86.ActiveCfg = Debug|Any CPU
		{00D9ABAD-154C-4B5B-85D2-EA12BF628E14}.Debug|x86.Build.0 = Debug|Any CPU
		{00D9ABAD-154C-4B5B-85D2-EA12BF628E14}.Release|Any CPU.ActiveCfg = Release|Any CPU
		{00D9ABAD-154C-4B5B-85D2-EA12BF628E14}.Release|Any CPU.Build.0 = Release|Any CPU
		{00D9ABAD-154C-4B5B-85D2-EA12BF628E14}.Release|x64.ActiveCfg = Release|Any CPU
		{00D9ABAD-154C-4B5B-85D2-EA12BF628E14}.Release|x64.Build.0 = Release|Any CPU
		{00D9ABAD-154C-4B5B-85D2-EA12BF628E14}.Release|x86.ActiveCfg = Release|Any CPU
		{00D9ABAD-154C-4B5B-85D2-EA12BF628E14}.Release|x86.Build.0 = Release|Any CPU
		{2182A377-1BC5-4069-8931-EE7A4D1674DD}.Debug|Any CPU.ActiveCfg = Debug|Any CPU
		{2182A377-1BC5-4069-8931-EE7A4D1674DD}.Debug|Any CPU.Build.0 = Debug|Any CPU
		{2182A377-1BC5-4069-8931-EE7A4D1674DD}.Debug|x64.ActiveCfg = Debug|Any CPU
		{2182A377-1BC5-4069-8931-EE7A4D1674DD}.Debug|x64.Build.0 = Debug|Any CPU
		{2182A377-1BC5-4069-8931-EE7A4D1674DD}.Debug|x86.ActiveCfg = Debug|Any CPU
		{2182A377-1BC5-4069-8931-EE7A4D1674DD}.Debug|x86.Build.0 = Debug|Any CPU
		{2182A377-1BC5-4069-8931-EE7A4D1674DD}.Release|Any CPU.ActiveCfg = Release|Any CPU
		{2182A377-1BC5-4069-8931-EE7A4D1674DD}.Release|Any CPU.Build.0 = Release|Any CPU
		{2182A377-1BC5-4069-8931-EE7A4D1674DD}.Release|x64.ActiveCfg = Release|Any CPU
		{2182A377-1BC5-4069-8931-EE7A4D1674DD}.Release|x64.Build.0 = Release|Any CPU
		{2182A377-1BC5-4069-8931-EE7A4D1674DD}.Release|x86.ActiveCfg = Release|Any CPU
		{2182A377-1BC5-4069-8931-EE7A4D1674DD}.Release|x86.Build.0 = Release|Any CPU
	EndGlobalSection
	GlobalSection(SolutionProperties) = preSolution
		HideSolutionNode = FALSE
	EndGlobalSection
	GlobalSection(NestedProjects) = preSolution
		{501DA42C-DFF5-4049-AB6C-FD86C0627A2B} = {827E0CD3-B72D-47B6-A68D-7590B98EB39B}
		{84A7E179-55A2-4A7D-8DAE-16F1E311CBAA} = {827E0CD3-B72D-47B6-A68D-7590B98EB39B}
		{A9FAFBAC-DFE2-4F43-A9BC-0282DABE7F5B} = {827E0CD3-B72D-47B6-A68D-7590B98EB39B}
		{6CE8E1F3-C382-4465-953F-267913CCA6B7} = {827E0CD3-B72D-47B6-A68D-7590B98EB39B}
		{DA3793B9-34E3-4CC0-ACF8-4ABFAB966624} = {827E0CD3-B72D-47B6-A68D-7590B98EB39B}
		{999BA7BD-AB52-4C73-AE0D-1A9F5147351E} = {827E0CD3-B72D-47B6-A68D-7590B98EB39B}
		{4A6B5A16-D009-4D84-8C69-AB05834616DA} = {827E0CD3-B72D-47B6-A68D-7590B98EB39B}
		{35F79679-7525-4BCC-9928-18014CA46DC9} = {0AB3BF05-4346-4AA6-1389-037BE0695223}
		{D834B05A-65C4-4A1E-9715-4BA58C1AE562} = {0AB3BF05-4346-4AA6-1389-037BE0695223}
		{68617244-83AA-4DC5-8C15-15FFEAE4C4C3} = {0AB3BF05-4346-4AA6-1389-037BE0695223}
		{54C44F45-DEB8-443F-8E1F-41380D6C8E37} = {0AB3BF05-4346-4AA6-1389-037BE0695223}
		{00D9ABAD-154C-4B5B-85D2-EA12BF628E14} = {827E0CD3-B72D-47B6-A68D-7590B98EB39B}
		{2182A377-1BC5-4069-8931-EE7A4D1674DD} = {0AB3BF05-4346-4AA6-1389-037BE0695223}
	EndGlobalSection
EndGlobal
